// !$*UTF8*$!
{
	archiveVersion = 1;
	classes = {
	};
	objectVersion = 77;
	objects = {

/* Begin PBXBuildFile section */
		938AD97B2E28E3930001B623 /* GoogleSignIn in Frameworks */ = {isa = PBXBuildFile; productRef = 938AD97A2E28E3930001B623 /* GoogleSignIn */; };
		938AD97D2E28E3930001B623 /* GoogleSignInSwift in Frameworks */ = {isa = PBXBuildFile; productRef = 938AD97C2E28E3930001B623 /* GoogleSignInSwift */; };
		938AD97F2E28E4B90001B623 /* FirebaseCore in Frameworks */ = {isa = PBXBuildFile; productRef = 938AD97E2E28E4B90001B623 /* FirebaseCore */; };
		938AD9812E28E4FC0001B623 /* FirebaseAuth in Frameworks */ = {isa = PBXBuildFile; productRef = 938AD9802E28E4FC0001B623 /* FirebaseAuth */; };
/* End PBXBuildFile section */

/* Begin PBXContainerItemProxy section */
		935BF3D22E2A1D8F00B9EC5D /* PBXContainerItemProxy */ = {
			isa = PBXContainerItemProxy;
			containerPortal = 938AD8BC2E28BBE10001B623 /* Project object */;
			proxyType = 1;
			remoteGlobalIDString = 938AD8C32E28BBE10001B623;
			remoteInfo = brainy_ios;
		};
/* End PBXContainerItemProxy section */

/* Begin PBXFileReference section */
		935BF3CE2E2A1D8F00B9EC5D /* brainy_iosTests.xctest */ = {isa = PBXFileReference; explicitFileType = wrapper.cfbundle; includeInIndex = 0; path = brainy_iosTests.xctest; sourceTree = BUILT_PRODUCTS_DIR; };
		938AD8C42E28BBE10001B623 /* brainy_ios.app */ = {isa = PBXFileReference; explicitFileType = wrapper.application; includeInIndex = 0; path = brainy_ios.app; sourceTree = BUILT_PRODUCTS_DIR; };
/* End PBXFileReference section */

/* Begin PBXFileSystemSynchronizedRootGroup section */
		935BF3CF2E2A1D8F00B9EC5D /* brainy_iosTests */ = {
			isa = PBXFileSystemSynchronizedRootGroup;
			path = brainy_iosTests;
			sourceTree = "<group>";
		};
		938AD8C62E28BBE10001B623 /* brainy_ios */ = {
			isa = PBXFileSystemSynchronizedRootGroup;
			path = brainy_ios;
			sourceTree = "<group>";
		};
/* End PBXFileSystemSynchronizedRootGroup section */

/* Begin PBXFrameworksBuildPhase section */
		935BF3CB2E2A1D8F00B9EC5D /* Frameworks */ = {
			isa = PBXFrameworksBuildPhase;
			buildActionMask = 2147483647;
			files = (
			);
			runOnlyForDeploymentPostprocessing = 0;
		};
		938AD8C12E28BBE10001B623 /* Frameworks */ = {
			isa = PBXFrameworksBuildPhase;
			buildActionMask = 2147483647;
			files = (
				938AD97B2E28E3930001B623 /* GoogleSignIn in Frameworks */,
				938AD97F2E28E4B90001B623 /* FirebaseCore in Frameworks */,
				938AD97D2E28E3930001B623 /* GoogleSignInSwift in Frameworks */,
				938AD9812E28E4FC0001B623 /* FirebaseAuth in Frameworks */,
			);
			runOnlyForDeploymentPostprocessing = 0;
		};
/* End PBXFrameworksBuildPhase section */

/* Begin PBXGroup section */
		938AD8BB2E28BBE10001B623 = {
			isa = PBXGroup;
			children = (
				938AD8C62E28BBE10001B623 /* brainy_ios */,
				935BF3CF2E2A1D8F00B9EC5D /* brainy_iosTests */,
				938AD8C52E28BBE10001B623 /* Products */,
			);
			sourceTree = "<group>";
		};
		938AD8C52E28BBE10001B623 /* Products */ = {
			isa = PBXGroup;
			children = (
				938AD8C42E28BBE10001B623 /* brainy_ios.app */,
				935BF3CE2E2A1D8F00B9EC5D /* brainy_iosTests.xctest */,
			);
			name = Products;
			sourceTree = "<group>";
		};
/* End PBXGroup section */

/* Begin PBXNativeTarget section */
		935BF3CD2E2A1D8F00B9EC5D /* brainy_iosTests */ = {
			isa = PBXNativeTarget;
			buildConfigurationList = 935BF3D62E2A1D8F00B9EC5D /* Build configuration list for PBXNativeTarget "brainy_iosTests" */;
			buildPhases = (
				935BF3CA2E2A1D8F00B9EC5D /* Sources */,
				935BF3CB2E2A1D8F00B9EC5D /* Frameworks */,
				935BF3CC2E2A1D8F00B9EC5D /* Resources */,
			);
			buildRules = (
			);
			dependencies = (
				935BF3D32E2A1D8F00B9EC5D /* PBXTargetDependency */,
			);
			fileSystemSynchronizedGroups = (
				935BF3CF2E2A1D8F00B9EC5D /* brainy_iosTests */,
			);
			name = brainy_iosTests;
			packageProductDependencies = (
			);
			productName = brainy_iosTests;
			productReference = 935BF3CE2E2A1D8F00B9EC5D /* brainy_iosTests.xctest */;
			productType = "com.apple.product-type.bundle.unit-test";
		};
		938AD8C32E28BBE10001B623 /* brainy_ios */ = {
			isa = PBXNativeTarget;
			buildConfigurationList = 938AD8CF2E28BBE30001B623 /* Build configuration list for PBXNativeTarget "brainy_ios" */;
			buildPhases = (
				938AD8C02E28BBE10001B623 /* Sources */,
				938AD8C12E28BBE10001B623 /* Frameworks */,
				938AD8C22E28BBE10001B623 /* Resources */,
			);
			buildRules = (
			);
			dependencies = (
			);
			fileSystemSynchronizedGroups = (
				938AD8C62E28BBE10001B623 /* brainy_ios */,
			);
			name = brainy_ios;
			packageProductDependencies = (
				938AD97A2E28E3930001B623 /* GoogleSignIn */,
				938AD97C2E28E3930001B623 /* GoogleSignInSwift */,
				938AD97E2E28E4B90001B623 /* FirebaseCore */,
				938AD9802E28E4FC0001B623 /* FirebaseAuth */,
			);
			productName = brainy_ios;
			productReference = 938AD8C42E28BBE10001B623 /* brainy_ios.app */;
			productType = "com.apple.product-type.application";
		};
/* End PBXNativeTarget section */

/* Begin PBXProject section */
		938AD8BC2E28BBE10001B623 /* Project object */ = {
			isa = PBXProject;
			attributes = {
				BuildIndependentTargetsInParallel = 1;
				LastSwiftUpdateCheck = 1630;
				LastUpgradeCheck = 1630;
				TargetAttributes = {
					935BF3CD2E2A1D8F00B9EC5D = {
						CreatedOnToolsVersion = 16.3;
						TestTargetID = 938AD8C32E28BBE10001B623;
					};
					938AD8C32E28BBE10001B623 = {
						CreatedOnToolsVersion = 16.3;
					};
				};
			};
			buildConfigurationList = 938AD8BF2E28BBE10001B623 /* Build configuration list for PBXProject "brainy_ios" */;
			developmentRegion = en;
			hasScannedForEncodings = 0;
			knownRegions = (
				en,
				Base,
			);
			mainGroup = 938AD8BB2E28BBE10001B623;
			minimizedProjectReferenceProxies = 1;
			packageReferences = (
				938AD9782E28E3680001B623 /* XCRemoteSwiftPackageReference "firebase-ios-sdk" */,
				938AD9792E28E3930001B623 /* XCRemoteSwiftPackageReference "GoogleSignIn-iOS" */,
			);
			preferredProjectObjectVersion = 77;
			productRefGroup = 938AD8C52E28BBE10001B623 /* Products */;
			projectDirPath = "";
			projectRoot = "";
			targets = (
				938AD8C32E28BBE10001B623 /* brainy_ios */,
				935BF3CD2E2A1D8F00B9EC5D /* brainy_iosTests */,
			);
		};
/* End PBXProject section */

/* Begin PBXResourcesBuildPhase section */
		935BF3CC2E2A1D8F00B9EC5D /* Resources */ = {
			isa = PBXResourcesBuildPhase;
			buildActionMask = 2147483647;
			files = (
			);
			runOnlyForDeploymentPostprocessing = 0;
		};
		938AD8C22E28BBE10001B623 /* Resources */ = {
			isa = PBXResourcesBuildPhase;
			buildActionMask = 2147483647;
			files = (
			);
			runOnlyForDeploymentPostprocessing = 0;
		};
/* End PBXResourcesBuildPhase section */

/* Begin PBXSourcesBuildPhase section */
		935BF3CA2E2A1D8F00B9EC5D /* Sources */ = {
			isa = PBXSourcesBuildPhase;
			buildActionMask = 2147483647;
			files = (
			);
			runOnlyForDeploymentPostprocessing = 0;
		};
		938AD8C02E28BBE10001B623 /* Sources */ = {
			isa = PBXSourcesBuildPhase;
			buildActionMask = 2147483647;
			files = (
			);
			runOnlyForDeploymentPostprocessing = 0;
		};
/* End PBXSourcesBuildPhase section */

/* Begin PBXTargetDependency section */
		935BF3D32E2A1D8F00B9EC5D /* PBXTargetDependency */ = {
			isa = PBXTargetDependency;
			target = 938AD8C32E28BBE10001B623 /* brainy_ios */;
			targetProxy = 935BF3D22E2A1D8F00B9EC5D /* PBXContainerItemProxy */;
		};
/* End PBXTargetDependency section */

/* Begin XCBuildConfiguration section */
		935BF3D42E2A1D8F00B9EC5D /* Debug */ = {
			isa = XCBuildConfiguration;
			buildSettings = {
				BUNDLE_LOADER = "$(TEST_HOST)";
				CODE_SIGN_STYLE = Automatic;
				CURRENT_PROJECT_VERSION = 1;
				DEVELOPMENT_TEAM = QRKC6RN4CT;
				GENERATE_INFOPLIST_FILE = YES;
				MARKETING_VERSION = 1.0;
				PRODUCT_BUNDLE_IDENTIFIER = "com.sro.brainy-iosTests";
				PRODUCT_NAME = "$(TARGET_NAME)";
				SWIFT_EMIT_LOC_STRINGS = NO;
				SWIFT_VERSION = 5.0;
				TARGETED_DEVICE_FAMILY = "1,2";
				TEST_HOST = "$(BUILT_PRODUCTS_DIR)/brainy_ios.app/$(BUNDLE_EXECUTABLE_FOLDER_PATH)/brainy_ios";
			};
			name = Debug;
		};
		935BF3D52E2A1D8F00B9EC5D /* Release */ = {
			isa = XCBuildConfiguration;
			buildSettings = {
				BUNDLE_LOADER = "$(TEST_HOST)";
				CODE_SIGN_STYLE = Automatic;
				CURRENT_PROJECT_VERSION = 1;
				DEVELOPMENT_TEAM = QRKC6RN4CT;
				GENERATE_INFOPLIST_FILE = YES;
				MARKETING_VERSION = 1.0;
				PRODUCT_BUNDLE_IDENTIFIER = "com.sro.brainy-iosTests";
				PRODUCT_NAME = "$(TARGET_NAME)";
				SWIFT_EMIT_LOC_STRINGS = NO;
				SWIFT_VERSION = 5.0;
				TARGETED_DEVICE_FAMILY = "1,2";
				TEST_HOST = "$(BUILT_PRODUCTS_DIR)/brainy_ios.app/$(BUNDLE_EXECUTABLE_FOLDER_PATH)/brainy_ios";
			};
			name = Release;
		};
		938AD8CD2E28BBE30001B623 /* Debug */ = {
			isa = XCBuildConfiguration;
			buildSettings = {
				ALWAYS_SEARCH_USER_PATHS = NO;
				ASSETCATALOG_COMPILER_GENERATE_SWIFT_ASSET_SYMBOL_EXTENSIONS = YES;
				CLANG_ANALYZER_NONNULL = YES;
				CLANG_ANALYZER_NUMBER_OBJECT_CONVERSION = YES_AGGRESSIVE;
				CLANG_CXX_LANGUAGE_STANDARD = "gnu++20";
				CLANG_ENABLE_MODULES = YES;
				CLANG_ENABLE_OBJC_ARC = YES;
				CLANG_ENABLE_OBJC_WEAK = YES;
				CLANG_WARN_BLOCK_CAPTURE_AUTORELEASING = YES;
				CLANG_WARN_BOOL_CONVERSION = YES;
				CLANG_WARN_COMMA = YES;
				CLANG_WARN_CONSTANT_CONVERSION = YES;
				CLANG_WARN_DEPRECATED_OBJC_IMPLEMENTATIONS = YES;
				CLANG_WARN_DIRECT_OBJC_ISA_USAGE = YES_ERROR;
				CLANG_WARN_DOCUMENTATION_COMMENTS = YES;
				CLANG_WARN_EMPTY_BODY = YES;
				CLANG_WARN_ENUM_CONVERSION = YES;
				CLANG_WARN_INFINITE_RECURSION = YES;
				CLANG_WARN_INT_CONVERSION = YES;
				CLANG_WARN_NON_LITERAL_NULL_CONVERSION = YES;
				CLANG_WARN_OBJC_IMPLICIT_RETAIN_SELF = YES;
				CLANG_WARN_OBJC_LITERAL_CONVERSION = YES;
				CLANG_WARN_OBJC_ROOT_CLASS = YES_ERROR;
				CLANG_WARN_QUOTED_INCLUDE_IN_FRAMEWORK_HEADER = YES;
				CLANG_WARN_RANGE_LOOP_ANALYSIS = YES;
				CLANG_WARN_STRICT_PROTOTYPES = YES;
				CLANG_WARN_SUSPICIOUS_MOVE = YES;
				CLANG_WARN_UNGUARDED_AVAILABILITY = YES_AGGRESSIVE;
				CLANG_WARN_UNREACHABLE_CODE = YES;
				CLANG_WARN__DUPLICATE_METHOD_MATCH = YES;
				COPY_PHASE_STRIP = NO;
				DEBUG_INFORMATION_FORMAT = dwarf;
				DEVELOPMENT_TEAM = QRKC6RN4CT;
				ENABLE_STRICT_OBJC_MSGSEND = YES;
				ENABLE_TESTABILITY = YES;
				ENABLE_USER_SCRIPT_SANDBOXING = YES;
				GCC_C_LANGUAGE_STANDARD = gnu17;
				GCC_DYNAMIC_NO_PIC = NO;
				GCC_NO_COMMON_BLOCKS = YES;
				GCC_OPTIMIZATION_LEVEL = 0;
				GCC_PREPROCESSOR_DEFINITIONS = (
					"DEBUG=1",
					"$(inherited)",
				);
				GCC_WARN_64_TO_32_BIT_CONVERSION = YES;
				GCC_WARN_ABOUT_RETURN_TYPE = YES_ERROR;
				GCC_WARN_UNDECLARED_SELECTOR = YES;
				GCC_WARN_UNINITIALIZED_AUTOS = YES_AGGRESSIVE;
				GCC_WARN_UNUSED_FUNCTION = YES;
				GCC_WARN_UNUSED_VARIABLE = YES;
				IPHONEOS_DEPLOYMENT_TARGET = 18.4;
				LOCALIZATION_PREFERS_STRING_CATALOGS = YES;
				MTL_ENABLE_DEBUG_INFO = INCLUDE_SOURCE;
				MTL_FAST_MATH = YES;
				ONLY_ACTIVE_ARCH = YES;
				SDKROOT = iphoneos;
				SWIFT_ACTIVE_COMPILATION_CONDITIONS = "DEBUG $(inherited)";
				SWIFT_OPTIMIZATION_LEVEL = "-Onone";
			};
			name = Debug;
		};
		938AD8CE2E28BBE30001B623 /* Release */ = {
			isa = XCBuildConfiguration;
			buildSettings = {
				ALWAYS_SEARCH_USER_PATHS = NO;
				ASSETCATALOG_COMPILER_GENERATE_SWIFT_ASSET_SYMBOL_EXTENSIONS = YES;
				CLANG_ANALYZER_NONNULL = YES;
				CLANG_ANALYZER_NUMBER_OBJECT_CONVERSION = YES_AGGRESSIVE;
				CLANG_CXX_LANGUAGE_STANDARD = "gnu++20";
				CLANG_ENABLE_MODULES = YES;
				CLANG_ENABLE_OBJC_ARC = YES;
				CLANG_ENABLE_OBJC_WEAK = YES;
				CLANG_WARN_BLOCK_CAPTURE_AUTORELEASING = YES;
				CLANG_WARN_BOOL_CONVERSION = YES;
				CLANG_WARN_COMMA = YES;
				CLANG_WARN_CONSTANT_CONVERSION = YES;
				CLANG_WARN_DEPRECATED_OBJC_IMPLEMENTATIONS = YES;
				CLANG_WARN_DIRECT_OBJC_ISA_USAGE = YES_ERROR;
				CLANG_WARN_DOCUMENTATION_COMMENTS = YES;
				CLANG_WARN_EMPTY_BODY = YES;
				CLANG_WARN_ENUM_CONVERSION = YES;
				CLANG_WARN_INFINITE_RECURSION = YES;
				CLANG_WARN_INT_CONVERSION = YES;
				CLANG_WARN_NON_LITERAL_NULL_CONVERSION = YES;
				CLANG_WARN_OBJC_IMPLICIT_RETAIN_SELF = YES;
				CLANG_WARN_OBJC_LITERAL_CONVERSION = YES;
				CLANG_WARN_OBJC_ROOT_CLASS = YES_ERROR;
				CLANG_WARN_QUOTED_INCLUDE_IN_FRAMEWORK_HEADER = YES;
				CLANG_WARN_RANGE_LOOP_ANALYSIS = YES;
				CLANG_WARN_STRICT_PROTOTYPES = YES;
				CLANG_WARN_SUSPICIOUS_MOVE = YES;
				CLANG_WARN_UNGUARDED_AVAILABILITY = YES_AGGRESSIVE;
				CLANG_WARN_UNREACHABLE_CODE = YES;
				CLANG_WARN__DUPLICATE_METHOD_MATCH = YES;
				COPY_PHASE_STRIP = NO;
				DEBUG_INFORMATION_FORMAT = "dwarf-with-dsym";
				DEVELOPMENT_TEAM = QRKC6RN4CT;
				ENABLE_NS_ASSERTIONS = NO;
				ENABLE_STRICT_OBJC_MSGSEND = YES;
				ENABLE_USER_SCRIPT_SANDBOXING = YES;
				GCC_C_LANGUAGE_STANDARD = gnu17;
				GCC_NO_COMMON_BLOCKS = YES;
				GCC_WARN_64_TO_32_BIT_CONVERSION = YES;
				GCC_WARN_ABOUT_RETURN_TYPE = YES_ERROR;
				GCC_WARN_UNDECLARED_SELECTOR = YES;
				GCC_WARN_UNINITIALIZED_AUTOS = YES_AGGRESSIVE;
				GCC_WARN_UNUSED_FUNCTION = YES;
				GCC_WARN_UNUSED_VARIABLE = YES;
				IPHONEOS_DEPLOYMENT_TARGET = 18.4;
				LOCALIZATION_PREFERS_STRING_CATALOGS = YES;
				MTL_ENABLE_DEBUG_INFO = NO;
				MTL_FAST_MATH = YES;
				SDKROOT = iphoneos;
				SWIFT_COMPILATION_MODE = wholemodule;
				VALIDATE_PRODUCT = YES;
			};
			name = Release;
		};
		938AD8D02E28BBE30001B623 /* Debug */ = {
			isa = XCBuildConfiguration;
			buildSettings = {
				ASSETCATALOG_COMPILER_APPICON_NAME = AppIcon;
				ASSETCATALOG_COMPILER_GLOBAL_ACCENT_COLOR_NAME = AccentColor;
				CODE_SIGN_STYLE = Automatic;
				CURRENT_PROJECT_VERSION = 1;
				DEVELOPMENT_TEAM = QRKC6RN4CT;
				ENABLE_PREVIEWS = YES;
				GENERATE_INFOPLIST_FILE = YES;
				INFOPLIST_FILE = "brainy-ios-Info.plist";
				INFOPLIST_KEY_UIApplicationSceneManifest_Generation = YES;
				INFOPLIST_KEY_UIApplicationSupportsIndirectInputEvents = YES;
				INFOPLIST_KEY_UILaunchScreen_Generation = YES;
				INFOPLIST_KEY_UISupportedInterfaceOrientations_iPad = "UIInterfaceOrientationPortrait UIInterfaceOrientationPortraitUpsideDown UIInterfaceOrientationLandscapeLeft UIInterfaceOrientationLandscapeRight";
				INFOPLIST_KEY_UISupportedInterfaceOrientations_iPhone = "UIInterfaceOrientationPortrait UIInterfaceOrientationLandscapeLeft UIInterfaceOrientationLandscapeRight";
				LD_RUNPATH_SEARCH_PATHS = (
					"$(inherited)",
					"@executable_path/Frameworks",
				);
				MARKETING_VERSION = 1.0;
				PRODUCT_BUNDLE_IDENTIFIER = "com.sro.brainy-ios";
				PRODUCT_NAME = "$(TARGET_NAME)";
				SWIFT_EMIT_LOC_STRINGS = YES;
				SWIFT_VERSION = 6.0;
				TARGETED_DEVICE_FAMILY = "1,2";
			};
			name = Debug;
		};
		938AD8D12E28BBE30001B623 /* Release */ = {
			isa = XCBuildConfiguration;
			buildSettings = {
				ASSETCATALOG_COMPILER_APPICON_NAME = AppIcon;
				ASSETCATALOG_COMPILER_GLOBAL_ACCENT_COLOR_NAME = AccentColor;
				CODE_SIGN_STYLE = Automatic;
				CURRENT_PROJECT_VERSION = 1;
				DEVELOPMENT_TEAM = QRKC6RN4CT;
				ENABLE_PREVIEWS = YES;
				GENERATE_INFOPLIST_FILE = YES;
				INFOPLIST_FILE = "brainy-ios-Info.plist";
				INFOPLIST_KEY_UIApplicationSceneManifest_Generation = YES;
				INFOPLIST_KEY_UIApplicationSupportsIndirectInputEvents = YES;
				INFOPLIST_KEY_UILaunchScreen_Generation = YES;
				INFOPLIST_KEY_UISupportedInterfaceOrientations_iPad = "UIInterfaceOrientationPortrait UIInterfaceOrientationPortraitUpsideDown UIInterfaceOrientationLandscapeLeft UIInterfaceOrientationLandscapeRight";
				INFOPLIST_KEY_UISupportedInterfaceOrientations_iPhone = "UIInterfaceOrientationPortrait UIInterfaceOrientationLandscapeLeft UIInterfaceOrientationLandscapeRight";
				LD_RUNPATH_SEARCH_PATHS = (
					"$(inherited)",
					"@executable_path/Frameworks",
				);
				MARKETING_VERSION = 1.0;
				PRODUCT_BUNDLE_IDENTIFIER = "com.sro.brainy-ios";
				PRODUCT_NAME = "$(TARGET_NAME)";
				SWIFT_EMIT_LOC_STRINGS = YES;
				SWIFT_VERSION = 6.0;
				TARGETED_DEVICE_FAMILY = "1,2";
			};
			name = Release;
		};
/* End XCBuildConfiguration section */

/* Begin XCConfigurationList section */
		935BF3D62E2A1D8F00B9EC5D /* Build configuration list for PBXNativeTarget "brainy_iosTests" */ = {
			isa = XCConfigurationList;
			buildConfigurations = (
				935BF3D42E2A1D8F00B9EC5D /* Debug */,
				935BF3D52E2A1D8F00B9EC5D /* Release */,
			);
			defaultConfigurationIsVisible = 0;
			defaultConfigurationName = Release;
		};
		938AD8BF2E28BBE10001B623 /* Build configuration list for PBXProject "brainy_ios" */ = {
			isa = XCConfigurationList;
			buildConfigurations = (
				938AD8CD2E28BBE30001B623 /* Debug */,
				938AD8CE2E28BBE30001B623 /* Release */,
			);
			defaultConfigurationIsVisible = 0;
			defaultConfigurationName = Release;
		};
		938AD8CF2E28BBE30001B623 /* Build configuration list for PBXNativeTarget "brainy_ios" */ = {
			isa = XCConfigurationList;
			buildConfigurations = (
				938AD8D02E28BBE30001B623 /* Debug */,
				938AD8D12E28BBE30001B623 /* Release */,
			);
			defaultConfigurationIsVisible = 0;
			defaultConfigurationName = Release;
		};
/* End XCConfigurationList section */

/* Begin XCRemoteSwiftPackageReference section */
		938AD9782E28E3680001B623 /* XCRemoteSwiftPackageReference "firebase-ios-sdk" */ = {
			isa = XCRemoteSwiftPackageReference;
			repositoryURL = "https://github.com/firebase/firebase-ios-sdk.git";
			requirement = {
				kind = exactVersion;
				version = 11.4.0;
			};
		};
		938AD9792E28E3930001B623 /* XCRemoteSwiftPackageReference "GoogleSignIn-iOS" */ = {
			isa = XCRemoteSwiftPackageReference;
			repositoryURL = "https://github.com/google/GoogleSignIn-iOS";
			requirement = {
				kind = exactVersion;
				version = 8.0.0;
			};
		};
/* End XCRemoteSwiftPackageReference section */

/* Begin XCSwiftPackageProductDependency section */
		938AD97A2E28E3930001B623 /* GoogleSignIn */ = {
			isa = XCSwiftPackageProductDependency;
			package = 938AD9792E28E3930001B623 /* XCRemoteSwiftPackageReference "GoogleSignIn-iOS" */;
			productName = GoogleSignIn;
		};
		938AD97C2E28E3930001B623 /* GoogleSignInSwift */ = {
			isa = XCSwiftPackageProductDependency;
			package = 938AD9792E28E3930001B623 /* XCRemoteSwiftPackageReference "GoogleSignIn-iOS" */;
			productName = GoogleSignInSwift;
		};
		938AD97E2E28E4B90001B623 /* FirebaseCore */ = {
			isa = XCSwiftPackageProductDependency;
			package = 938AD9782E28E3680001B623 /* XCRemoteSwiftPackageReference "firebase-ios-sdk" */;
			productName = FirebaseCore;
		};
		938AD9802E28E4FC0001B623 /* FirebaseAuth */ = {
			isa = XCSwiftPackageProductDependency;
			package = 938AD9782E28E3680001B623 /* XCRemoteSwiftPackageReference "firebase-ios-sdk" */;
			productName = FirebaseAuth;
		};
/* End XCSwiftPackageProductDependency section */
	};
	rootObject = 938AD8BC2E28BBE10001B623 /* Project object */;
}
